
Microsoft Visual Studio Solution File, Format Version 12.00
# Visual Studio Version 17
VisualStudioVersion = 17.3.32901.215
MinimumVisualStudioVersion = 10.0.40219.1
Project("{FAE04EC0-301F-11D3-BF4B-00C04F79EFBC}") = "WebNoiThat", "WebNoiThat\WebNoiThat.csproj", "{6D26D60A-2799-49AB-9590-5346C23719CE}"
EndProject
Global
	GlobalSection(SolutionConfigurationPlatforms) = preSolution
		Debug|Any CPU = Debug|Any CPU
		Release|Any CPU = Release|Any CPU
	EndGlobalSection
	GlobalSection(ProjectConfigurationPlatforms) = postSolution
		{6D26D60A-2799-49AB-9590-5346C23719CE}.Debug|Any CPU.ActiveCfg = Debug|Any CPU
		{6D26D60A-2799-49AB-9590-5346C23719CE}.Debug|Any CPU.Build.0 = Debug|Any CPU
		{6D26D60A-2799-49AB-9590-5346C23719CE}.Release|Any CPU.ActiveCfg = Release|Any CPU
		{6D26D60A-2799-49AB-9590-5346C23719CE}.Release|Any CPU.Build.0 = Release|Any CPU
	EndGlobalSection
	GlobalSection(SolutionProperties) = preSolution
		HideSolutionNode = FALSE
	EndGlobalSection
	GlobalSection(ExtensibilityGlobals) = postSolution
		SolutionGuid = {B2FF8B5F-5B66-4272-B6FC-B157F6F28A88}
	EndGlobalSection
EndGlobal
